
Microsoft Visual Studio Solution File, Format Version 12.00
# Visual Studio 14
VisualStudioVersion = 14.0.25420.1
MinimumVisualStudioVersion = 10.0.40219.1
Project("{2150E333-8FDC-42A3-9474-1A3956D46DE8}") = "src", "src", "{855EB32D-13A9-45E7-A1FE-F5F23E3A6933}"
EndProject
Project("{2150E333-8FDC-42A3-9474-1A3956D46DE8}") = "Solution Items", "Solution Items", "{F1A725DD-B72C-4407-BF5C-74E6F34F3CD4}"
	ProjectSection(SolutionItems) = preProject
		build.bat = build.bat
		readme.md = readme.md
	EndProjectSection
EndProject
Project("{2150E333-8FDC-42A3-9474-1A3956D46DE8}") = "Module", "Module", "{6AA133B5-FED7-47BE-A9F0-C001B51925FF}"
EndProject
Project("{2150E333-8FDC-42A3-9474-1A3956D46DE8}") = "Test", "Test", "{96B1EB82-B29D-4043-B2B3-3991AE7DA594}"
EndProject
Project("{9A19103F-16F7-4668-BE54-9A1E7A4F7556}") = "cd.db", "src\cd.db\cd.db.csproj", "{5BD6A108-08C7-4C28-B626-28F7475792E2}"
EndProject
Project("{9A19103F-16F7-4668-BE54-9A1E7A4F7556}") = "Infrastructure", "src\Infrastructure\Infrastructure.csproj", "{6A3408A9-D3A7-4126-B62D-063FFA3905DB}"
EndProject
Project("{9A19103F-16F7-4668-BE54-9A1E7A4F7556}") = "WebHost", "src\WebHost\WebHost.csproj", "{6DF72439-5BBE-4C78-83F1-51CB72CA8BA4}"
EndProject
Project("{9A19103F-16F7-4668-BE54-9A1E7A4F7556}") = "Admin", "src\Module\Admin\Admin.csproj", "{27CB61FB-2FD7-4C86-80AD-584096D52771}"
EndProject
Project("{9A19103F-16F7-4668-BE54-9A1E7A4F7556}") = "Test", "src\Module\Test\Test.csproj", "{8D8A5CF7-A988-4987-BEC7-57874617C205}"
EndProject
Global
	GlobalSection(SolutionConfigurationPlatforms) = preSolution
		Debug|Any CPU = Debug|Any CPU
		Release|Any CPU = Release|Any CPU
	EndGlobalSection
	GlobalSection(ProjectConfigurationPlatforms) = postSolution
		{5BD6A108-08C7-4C28-B626-28F7475792E2}.Debug|Any CPU.ActiveCfg = Debug|Any CPU
		{5BD6A108-08C7-4C28-B626-28F7475792E2}.Debug|Any CPU.Build.0 = Debug|Any CPU
		{5BD6A108-08C7-4C28-B626-28F7475792E2}.Release|Any CPU.ActiveCfg = Release|Any CPU
		{5BD6A108-08C7-4C28-B626-28F7475792E2}.Release|Any CPU.Build.0 = Release|Any CPU
		{6A3408A9-D3A7-4126-B62D-063FFA3905DB}.Debug|Any CPU.ActiveCfg = Debug|Any CPU
		{6A3408A9-D3A7-4126-B62D-063FFA3905DB}.Debug|Any CPU.Build.0 = Debug|Any CPU
		{6A3408A9-D3A7-4126-B62D-063FFA3905DB}.Release|Any CPU.ActiveCfg = Release|Any CPU
		{6A3408A9-D3A7-4126-B62D-063FFA3905DB}.Release|Any CPU.Build.0 = Release|Any CPU
		{6DF72439-5BBE-4C78-83F1-51CB72CA8BA4}.Debug|Any CPU.ActiveCfg = Debug|Any CPU
		{6DF72439-5BBE-4C78-83F1-51CB72CA8BA4}.Debug|Any CPU.Build.0 = Debug|Any CPU
		{6DF72439-5BBE-4C78-83F1-51CB72CA8BA4}.Release|Any CPU.ActiveCfg = Release|Any CPU
		{6DF72439-5BBE-4C78-83F1-51CB72CA8BA4}.Release|Any CPU.Build.0 = Release|Any CPU
		{27CB61FB-2FD7-4C86-80AD-584096D52771}.Debug|Any CPU.ActiveCfg = Debug|Any CPU
		{27CB61FB-2FD7-4C86-80AD-584096D52771}.Debug|Any CPU.Build.0 = Debug|Any CPU
		{27CB61FB-2FD7-4C86-80AD-584096D52771}.Release|Any CPU.ActiveCfg = Release|Any CPU
		{27CB61FB-2FD7-4C86-80AD-584096D52771}.Release|Any CPU.Build.0 = Release|Any CPU
		{8D8A5CF7-A988-4987-BEC7-57874617C205}.Debug|Any CPU.ActiveCfg = Debug|Any CPU
		{8D8A5CF7-A988-4987-BEC7-57874617C205}.Debug|Any CPU.Build.0 = Debug|Any CPU
		{8D8A5CF7-A988-4987-BEC7-57874617C205}.Release|Any CPU.ActiveCfg = Release|Any CPU
		{8D8A5CF7-A988-4987-BEC7-57874617C205}.Release|Any CPU.Build.0 = Release|Any CPU
	EndGlobalSection
	GlobalSection(SolutionProperties) = preSolution
		HideSolutionNode = FALSE
	EndGlobalSection
	GlobalSection(NestedProjects) = preSolution
		{6AA133B5-FED7-47BE-A9F0-C001B51925FF} = {855EB32D-13A9-45E7-A1FE-F5F23E3A6933}
		{5BD6A108-08C7-4C28-B626-28F7475792E2} = {855EB32D-13A9-45E7-A1FE-F5F23E3A6933}
		{6A3408A9-D3A7-4126-B62D-063FFA3905DB} = {855EB32D-13A9-45E7-A1FE-F5F23E3A6933}
		{6DF72439-5BBE-4C78-83F1-51CB72CA8BA4} = {855EB32D-13A9-45E7-A1FE-F5F23E3A6933}
		{27CB61FB-2FD7-4C86-80AD-584096D52771} = {6AA133B5-FED7-47BE-A9F0-C001B51925FF}
		{8D8A5CF7-A988-4987-BEC7-57874617C205} = {6AA133B5-FED7-47BE-A9F0-C001B51925FF}
	EndGlobalSection
EndGlobal
