
Microsoft Visual Studio Solution File, Format Version 12.00
# Visual Studio 14
VisualStudioVersion = 14.0.25420.1
MinimumVisualStudioVersion = 10.0.40219.1
Project("{2150E333-8FDC-42A3-9474-1A3956D46DE8}") = "src", "src", "{95E16DA1-66FA-4CC2-88A6-7A9D2918EA17}"
EndProject
Project("{2150E333-8FDC-42A3-9474-1A3956D46DE8}") = "Solution Items", "Solution Items", "{45B7D9F8-879A-4148-8595-1EAED7AC7782}"
	ProjectSection(SolutionItems) = preProject
		build.bat = build.bat
		readme.md = readme.md
	EndProjectSection
EndProject
Project("{2150E333-8FDC-42A3-9474-1A3956D46DE8}") = "Module", "Module", "{B672A5F6-C5B6-46A7-9049-794A018B05BB}"
EndProject
Project("{2150E333-8FDC-42A3-9474-1A3956D46DE8}") = "Test", "Test", "{F3BEA7B8-7299-4F16-87C6-6FFB28D7939A}"
EndProject
Project("{9A19103F-16F7-4668-BE54-9A1E7A4F7556}") = "cd.db", "src\cd.db\cd.db.csproj", "{FC0077B4-A58A-40E7-9A86-37B8CC90FED9}"
EndProject
Project("{9A19103F-16F7-4668-BE54-9A1E7A4F7556}") = "Infrastructure", "src\Infrastructure\Infrastructure.csproj", "{53FCB8E7-6AB8-4D64-A9BB-2933803A3B26}"
EndProject
Project("{9A19103F-16F7-4668-BE54-9A1E7A4F7556}") = "WebHost", "src\WebHost\WebHost.csproj", "{A34D73FA-A9F2-4F82-8A1C-BDF768BE388B}"
EndProject
Project("{9A19103F-16F7-4668-BE54-9A1E7A4F7556}") = "Admin", "src\Module\Admin\Admin.csproj", "{06717976-A491-4890-8EC8-22AEF34817AB}"
EndProject
Project("{9A19103F-16F7-4668-BE54-9A1E7A4F7556}") = "Test", "src\Module\Test\Test.csproj", "{8CFFAD5F-E94D-42D0-981D-541EBCB277EE}"
EndProject
Global
	GlobalSection(SolutionConfigurationPlatforms) = preSolution
		Debug|Any CPU = Debug|Any CPU
		Release|Any CPU = Release|Any CPU
	EndGlobalSection
	GlobalSection(ProjectConfigurationPlatforms) = postSolution
		{FC0077B4-A58A-40E7-9A86-37B8CC90FED9}.Debug|Any CPU.ActiveCfg = Debug|Any CPU
		{FC0077B4-A58A-40E7-9A86-37B8CC90FED9}.Debug|Any CPU.Build.0 = Debug|Any CPU
		{FC0077B4-A58A-40E7-9A86-37B8CC90FED9}.Release|Any CPU.ActiveCfg = Release|Any CPU
		{FC0077B4-A58A-40E7-9A86-37B8CC90FED9}.Release|Any CPU.Build.0 = Release|Any CPU
		{53FCB8E7-6AB8-4D64-A9BB-2933803A3B26}.Debug|Any CPU.ActiveCfg = Debug|Any CPU
		{53FCB8E7-6AB8-4D64-A9BB-2933803A3B26}.Debug|Any CPU.Build.0 = Debug|Any CPU
		{53FCB8E7-6AB8-4D64-A9BB-2933803A3B26}.Release|Any CPU.ActiveCfg = Release|Any CPU
		{53FCB8E7-6AB8-4D64-A9BB-2933803A3B26}.Release|Any CPU.Build.0 = Release|Any CPU
		{A34D73FA-A9F2-4F82-8A1C-BDF768BE388B}.Debug|Any CPU.ActiveCfg = Debug|Any CPU
		{A34D73FA-A9F2-4F82-8A1C-BDF768BE388B}.Debug|Any CPU.Build.0 = Debug|Any CPU
		{A34D73FA-A9F2-4F82-8A1C-BDF768BE388B}.Release|Any CPU.ActiveCfg = Release|Any CPU
		{A34D73FA-A9F2-4F82-8A1C-BDF768BE388B}.Release|Any CPU.Build.0 = Release|Any CPU
		{06717976-A491-4890-8EC8-22AEF34817AB}.Debug|Any CPU.ActiveCfg = Debug|Any CPU
		{06717976-A491-4890-8EC8-22AEF34817AB}.Debug|Any CPU.Build.0 = Debug|Any CPU
		{06717976-A491-4890-8EC8-22AEF34817AB}.Release|Any CPU.ActiveCfg = Release|Any CPU
		{06717976-A491-4890-8EC8-22AEF34817AB}.Release|Any CPU.Build.0 = Release|Any CPU
		{8CFFAD5F-E94D-42D0-981D-541EBCB277EE}.Debug|Any CPU.ActiveCfg = Debug|Any CPU
		{8CFFAD5F-E94D-42D0-981D-541EBCB277EE}.Debug|Any CPU.Build.0 = Debug|Any CPU
		{8CFFAD5F-E94D-42D0-981D-541EBCB277EE}.Release|Any CPU.ActiveCfg = Release|Any CPU
		{8CFFAD5F-E94D-42D0-981D-541EBCB277EE}.Release|Any CPU.Build.0 = Release|Any CPU
	EndGlobalSection
	GlobalSection(SolutionProperties) = preSolution
		HideSolutionNode = FALSE
	EndGlobalSection
	GlobalSection(NestedProjects) = preSolution
		{B672A5F6-C5B6-46A7-9049-794A018B05BB} = {95E16DA1-66FA-4CC2-88A6-7A9D2918EA17}
		{FC0077B4-A58A-40E7-9A86-37B8CC90FED9} = {95E16DA1-66FA-4CC2-88A6-7A9D2918EA17}
		{53FCB8E7-6AB8-4D64-A9BB-2933803A3B26} = {95E16DA1-66FA-4CC2-88A6-7A9D2918EA17}
		{A34D73FA-A9F2-4F82-8A1C-BDF768BE388B} = {95E16DA1-66FA-4CC2-88A6-7A9D2918EA17}
		{06717976-A491-4890-8EC8-22AEF34817AB} = {B672A5F6-C5B6-46A7-9049-794A018B05BB}
		{8CFFAD5F-E94D-42D0-981D-541EBCB277EE} = {B672A5F6-C5B6-46A7-9049-794A018B05BB}
	EndGlobalSection
EndGlobal
