
Microsoft Visual Studio Solution File, Format Version 12.00
# Visual Studio 14
VisualStudioVersion = 14.0.25420.1
MinimumVisualStudioVersion = 10.0.40219.1
Project("{2150E333-8FDC-42A3-9474-1A3956D46DE8}") = "src", "src", "{9E04E97B-C3B7-4114-98B5-2C1AF88A0EC8}"
EndProject
Project("{2150E333-8FDC-42A3-9474-1A3956D46DE8}") = "Solution Items", "Solution Items", "{A6641EB0-C91B-4D25-BA4C-29CDC5AA6703}"
	ProjectSection(SolutionItems) = preProject
		build.bat = build.bat
		readme.md = readme.md
	EndProjectSection
EndProject
Project("{2150E333-8FDC-42A3-9474-1A3956D46DE8}") = "Module", "Module", "{0959A452-E51E-435A-8313-6FB7087AB044}"
EndProject
Project("{2150E333-8FDC-42A3-9474-1A3956D46DE8}") = "Test", "Test", "{0C473D8D-A0D4-43A3-9849-FE7FB3E56D2B}"
EndProject
Project("{9A19103F-16F7-4668-BE54-9A1E7A4F7556}") = "cd.db", "src\cd.db\cd.db.csproj", "{2E59DECD-3FC8-4DFB-AE6F-EB2876229C32}"
EndProject
Project("{9A19103F-16F7-4668-BE54-9A1E7A4F7556}") = "Infrastructure", "src\Infrastructure\Infrastructure.csproj", "{6081314C-A943-4C09-82D6-0743F7169177}"
EndProject
Project("{9A19103F-16F7-4668-BE54-9A1E7A4F7556}") = "WebHost", "src\WebHost\WebHost.csproj", "{1A68009D-3EA1-414C-A614-5A6C350661C8}"
EndProject
Project("{9A19103F-16F7-4668-BE54-9A1E7A4F7556}") = "Admin", "src\Module\Admin\Admin.csproj", "{0E94274D-36F7-42E7-AFF3-C645DEAAFAD5}"
EndProject
Project("{9A19103F-16F7-4668-BE54-9A1E7A4F7556}") = "Test", "src\Module\Test\Test.csproj", "{0124046A-4695-4933-B4AE-B21E1C840DA7}"
EndProject
Global
	GlobalSection(SolutionConfigurationPlatforms) = preSolution
		Debug|Any CPU = Debug|Any CPU
		Release|Any CPU = Release|Any CPU
	EndGlobalSection
	GlobalSection(ProjectConfigurationPlatforms) = postSolution
		{2E59DECD-3FC8-4DFB-AE6F-EB2876229C32}.Debug|Any CPU.ActiveCfg = Debug|Any CPU
		{2E59DECD-3FC8-4DFB-AE6F-EB2876229C32}.Debug|Any CPU.Build.0 = Debug|Any CPU
		{2E59DECD-3FC8-4DFB-AE6F-EB2876229C32}.Release|Any CPU.ActiveCfg = Release|Any CPU
		{2E59DECD-3FC8-4DFB-AE6F-EB2876229C32}.Release|Any CPU.Build.0 = Release|Any CPU
		{6081314C-A943-4C09-82D6-0743F7169177}.Debug|Any CPU.ActiveCfg = Debug|Any CPU
		{6081314C-A943-4C09-82D6-0743F7169177}.Debug|Any CPU.Build.0 = Debug|Any CPU
		{6081314C-A943-4C09-82D6-0743F7169177}.Release|Any CPU.ActiveCfg = Release|Any CPU
		{6081314C-A943-4C09-82D6-0743F7169177}.Release|Any CPU.Build.0 = Release|Any CPU
		{1A68009D-3EA1-414C-A614-5A6C350661C8}.Debug|Any CPU.ActiveCfg = Debug|Any CPU
		{1A68009D-3EA1-414C-A614-5A6C350661C8}.Debug|Any CPU.Build.0 = Debug|Any CPU
		{1A68009D-3EA1-414C-A614-5A6C350661C8}.Release|Any CPU.ActiveCfg = Release|Any CPU
		{1A68009D-3EA1-414C-A614-5A6C350661C8}.Release|Any CPU.Build.0 = Release|Any CPU
		{0E94274D-36F7-42E7-AFF3-C645DEAAFAD5}.Debug|Any CPU.ActiveCfg = Debug|Any CPU
		{0E94274D-36F7-42E7-AFF3-C645DEAAFAD5}.Debug|Any CPU.Build.0 = Debug|Any CPU
		{0E94274D-36F7-42E7-AFF3-C645DEAAFAD5}.Release|Any CPU.ActiveCfg = Release|Any CPU
		{0E94274D-36F7-42E7-AFF3-C645DEAAFAD5}.Release|Any CPU.Build.0 = Release|Any CPU
		{0124046A-4695-4933-B4AE-B21E1C840DA7}.Debug|Any CPU.ActiveCfg = Debug|Any CPU
		{0124046A-4695-4933-B4AE-B21E1C840DA7}.Debug|Any CPU.Build.0 = Debug|Any CPU
		{0124046A-4695-4933-B4AE-B21E1C840DA7}.Release|Any CPU.ActiveCfg = Release|Any CPU
		{0124046A-4695-4933-B4AE-B21E1C840DA7}.Release|Any CPU.Build.0 = Release|Any CPU
	EndGlobalSection
	GlobalSection(SolutionProperties) = preSolution
		HideSolutionNode = FALSE
	EndGlobalSection
	GlobalSection(NestedProjects) = preSolution
		{0959A452-E51E-435A-8313-6FB7087AB044} = {9E04E97B-C3B7-4114-98B5-2C1AF88A0EC8}
		{2E59DECD-3FC8-4DFB-AE6F-EB2876229C32} = {9E04E97B-C3B7-4114-98B5-2C1AF88A0EC8}
		{6081314C-A943-4C09-82D6-0743F7169177} = {9E04E97B-C3B7-4114-98B5-2C1AF88A0EC8}
		{1A68009D-3EA1-414C-A614-5A6C350661C8} = {9E04E97B-C3B7-4114-98B5-2C1AF88A0EC8}
		{0E94274D-36F7-42E7-AFF3-C645DEAAFAD5} = {0959A452-E51E-435A-8313-6FB7087AB044}
		{0124046A-4695-4933-B4AE-B21E1C840DA7} = {0959A452-E51E-435A-8313-6FB7087AB044}
	EndGlobalSection
EndGlobal
